// !$*UTF8*$!
{
	archiveVersion = 1;
	classes = {
	};
	objectVersion = 50;
	objects = {

/* Begin PBXBuildFile section */
		FB4DE89F21AC781D00885C8B /* AddTaskViewController.swift in Sources */ = {isa = PBXBuildFile; fileRef = FB4DE89E21AC781D00885C8B /* AddTaskViewController.swift */; };
		FB4DE8A121AC796100885C8B /* Task.swift in Sources */ = {isa = PBXBuildFile; fileRef = FB4DE8A021AC796100885C8B /* Task.swift */; };
		FB5D530521AC6C8900D276AD /* AppDelegate.swift in Sources */ = {isa = PBXBuildFile; fileRef = FB5D530421AC6C8900D276AD /* AppDelegate.swift */; };
		FB5D530A21AC6C8900D276AD /* Main.storyboard in Resources */ = {isa = PBXBuildFile; fileRef = FB5D530821AC6C8900D276AD /* Main.storyboard */; };
		FB5D530C21AC6C8A00D276AD /* Assets.xcassets in Resources */ = {isa = PBXBuildFile; fileRef = FB5D530B21AC6C8A00D276AD /* Assets.xcassets */; };
		FB5D530F21AC6C8A00D276AD /* LaunchScreen.storyboard in Resources */ = {isa = PBXBuildFile; fileRef = FB5D530D21AC6C8A00D276AD /* LaunchScreen.storyboard */; };
		FB5D531721AC728000D276AD /* TaskCell.swift in Sources */ = {isa = PBXBuildFile; fileRef = FB5D531621AC728000D276AD /* TaskCell.swift */; };
		FB89F22C21ADA7CC006E6F58 /* TaskLibrary.swift in Sources */ = {isa = PBXBuildFile; fileRef = FB89F22B21ADA7CC006E6F58 /* TaskLibrary.swift */; };
		FB89F22E21ADC545006E6F58 /* TableViewController.swift in Sources */ = {isa = PBXBuildFile; fileRef = FB89F22D21ADC545006E6F58 /* TableViewController.swift */; };
		FBF7BB4321AF248900FF557E /* DescViewController.swift in Sources */ = {isa = PBXBuildFile; fileRef = FBF7BB4221AF248900FF557E /* DescViewController.swift */; };
/* End PBXBuildFile section */

/* Begin PBXFileReference section */
		FB4DE89E21AC781D00885C8B /* AddTaskViewController.swift */ = {isa = PBXFileReference; lastKnownFileType = sourcecode.swift; path = AddTaskViewController.swift; sourceTree = "<group>"; };
		FB4DE8A021AC796100885C8B /* Task.swift */ = {isa = PBXFileReference; lastKnownFileType = sourcecode.swift; path = Task.swift; sourceTree = "<group>"; };
		FB5D530121AC6C8900D276AD /* TaskManagerIOS.app */ = {isa = PBXFileReference; explicitFileType = wrapper.application; includeInIndex = 0; path = TaskManagerIOS.app; sourceTree = BUILT_PRODUCTS_DIR; };
		FB5D530421AC6C8900D276AD /* AppDelegate.swift */ = {isa = PBXFileReference; lastKnownFileType = sourcecode.swift; path = AppDelegate.swift; sourceTree = "<group>"; };
		FB5D530921AC6C8900D276AD /* Base */ = {isa = PBXFileReference; lastKnownFileType = file.storyboard; name = Base; path = Base.lproj/Main.storyboard; sourceTree = "<group>"; };
		FB5D530B21AC6C8A00D276AD /* Assets.xcassets */ = {isa = PBXFileReference; lastKnownFileType = folder.assetcatalog; path = Assets.xcassets; sourceTree = "<group>"; };
		FB5D530E21AC6C8A00D276AD /* Base */ = {isa = PBXFileReference; lastKnownFileType = file.storyboard; name = Base; path = Base.lproj/LaunchScreen.storyboard; sourceTree = "<group>"; };
		FB5D531021AC6C8A00D276AD /* Info.plist */ = {isa = PBXFileReference; lastKnownFileType = text.plist.xml; path = Info.plist; sourceTree = "<group>"; };
		FB5D531621AC728000D276AD /* TaskCell.swift */ = {isa = PBXFileReference; lastKnownFileType = sourcecode.swift; path = TaskCell.swift; sourceTree = "<group>"; };
		FB89F22B21ADA7CC006E6F58 /* TaskLibrary.swift */ = {isa = PBXFileReference; lastKnownFileType = sourcecode.swift; path = TaskLibrary.swift; sourceTree = "<group>"; };
		FB89F22D21ADC545006E6F58 /* TableViewController.swift */ = {isa = PBXFileReference; lastKnownFileType = sourcecode.swift; path = TableViewController.swift; sourceTree = "<group>"; };
		FBF7BB4221AF248900FF557E /* DescViewController.swift */ = {isa = PBXFileReference; lastKnownFileType = sourcecode.swift; path = DescViewController.swift; sourceTree = "<group>"; };
/* End PBXFileReference section */

/* Begin PBXFrameworksBuildPhase section */
		FB5D52FE21AC6C8900D276AD /* Frameworks */ = {
			isa = PBXFrameworksBuildPhase;
			buildActionMask = 2147483647;
			files = (
			);
			runOnlyForDeploymentPostprocessing = 0;
		};
/* End PBXFrameworksBuildPhase section */

/* Begin PBXGroup section */
		FB5D52F821AC6C8900D276AD = {
			isa = PBXGroup;
			children = (
				FB5D530321AC6C8900D276AD /* TaskManagerIOS */,
				FB5D530221AC6C8900D276AD /* Products */,
			);
			sourceTree = "<group>";
		};
		FB5D530221AC6C8900D276AD /* Products */ = {
			isa = PBXGroup;
			children = (
				FB5D530121AC6C8900D276AD /* TaskManagerIOS.app */,
			);
			name = Products;
			sourceTree = "<group>";
		};
		FB5D530321AC6C8900D276AD /* TaskManagerIOS */ = {
			isa = PBXGroup;
			children = (
				FB5D530421AC6C8900D276AD /* AppDelegate.swift */,
				FB5D530821AC6C8900D276AD /* Main.storyboard */,
				FB89F22D21ADC545006E6F58 /* TableViewController.swift */,
				FB4DE89E21AC781D00885C8B /* AddTaskViewController.swift */,
				FBF7BB4221AF248900FF557E /* DescViewController.swift */,
				FB89F22B21ADA7CC006E6F58 /* TaskLibrary.swift */,
				FB4DE8A021AC796100885C8B /* Task.swift */,
				FB5D531621AC728000D276AD /* TaskCell.swift */,
				FB5D530B21AC6C8A00D276AD /* Assets.xcassets */,
				FB5D530D21AC6C8A00D276AD /* LaunchScreen.storyboard */,
				FB5D531021AC6C8A00D276AD /* Info.plist */,
			);
			path = TaskManagerIOS;
			sourceTree = "<group>";
		};
/* End PBXGroup section */

/* Begin PBXNativeTarget section */
		FB5D530021AC6C8900D276AD /* TaskManagerIOS */ = {
			isa = PBXNativeTarget;
			buildConfigurationList = FB5D531321AC6C8A00D276AD /* Build configuration list for PBXNativeTarget "TaskManagerIOS" */;
			buildPhases = (
				FB5D52FD21AC6C8900D276AD /* Sources */,
				FB5D52FE21AC6C8900D276AD /* Frameworks */,
				FB5D52FF21AC6C8900D276AD /* Resources */,
			);
			buildRules = (
			);
			dependencies = (
			);
			name = TaskManagerIOS;
			productName = TaskManagerIOS;
			productReference = FB5D530121AC6C8900D276AD /* TaskManagerIOS.app */;
			productType = "com.apple.product-type.application";
		};
/* End PBXNativeTarget section */

/* Begin PBXProject section */
		FB5D52F921AC6C8900D276AD /* Project object */ = {
			isa = PBXProject;
			attributes = {
				LastSwiftUpdateCheck = 1010;
				LastUpgradeCheck = 1010;
				ORGANIZATIONNAME = "Andrew Beauchamp";
				TargetAttributes = {
					FB5D530021AC6C8900D276AD = {
						CreatedOnToolsVersion = 10.1;
					};
				};
			};
			buildConfigurationList = FB5D52FC21AC6C8900D276AD /* Build configuration list for PBXProject "TaskManagerIOS" */;
			compatibilityVersion = "Xcode 9.3";
			developmentRegion = en;
			hasScannedForEncodings = 0;
			knownRegions = (
				en,
				Base,
			);
			mainGroup = FB5D52F821AC6C8900D276AD;
			productRefGroup = FB5D530221AC6C8900D276AD /* Products */;
			projectDirPath = "";
			projectRoot = "";
			targets = (
				FB5D530021AC6C8900D276AD /* TaskManagerIOS */,
			);
		};
/* End PBXProject section */

/* Begin PBXResourcesBuildPhase section */
		FB5D52FF21AC6C8900D276AD /* Resources */ = {
			isa = PBXResourcesBuildPhase;
			buildActionMask = 2147483647;
			files = (
				FB5D530F21AC6C8A00D276AD /* LaunchScreen.storyboard in Resources */,
				FB5D530C21AC6C8A00D276AD /* Assets.xcassets in Resources */,
				FB5D530A21AC6C8900D276AD /* Main.storyboard in Resources */,
			);
			runOnlyForDeploymentPostprocessing = 0;
		};
/* End PBXResourcesBuildPhase section */

/* Begin PBXSourcesBuildPhase section */
		FB5D52FD21AC6C8900D276AD /* Sources */ = {
			isa = PBXSourcesBuildPhase;
			buildActionMask = 2147483647;
			files = (
				FB4DE89F21AC781D00885C8B /* AddTaskViewController.swift in Sources */,
				FB89F22E21ADC545006E6F58 /* TableViewController.swift in Sources */,
				FB4DE8A121AC796100885C8B /* Task.swift in Sources */,
				FBF7BB4321AF248900FF557E /* DescViewController.swift in Sources */,
				FB5D531721AC728000D276AD /* TaskCell.swift in Sources */,
				FB89F22C21ADA7CC006E6F58 /* TaskLibrary.swift in Sources */,
				FB5D530521AC6C8900D276AD /* AppDelegate.swift in Sources */,
			);
			runOnlyForDeploymentPostprocessing = 0;
		};
/* End PBXSourcesBuildPhase section */

/* Begin PBXVariantGroup section */
		FB5D530821AC6C8900D276AD /* Main.storyboard */ = {
			isa = PBXVariantGroup;
			children = (
				FB5D530921AC6C8900D276AD /* Base */,
			);
			name = Main.storyboard;
			sourceTree = "<group>";
		};
		FB5D530D21AC6C8A00D276AD /* LaunchScreen.storyboard */ = {
			isa = PBXVariantGroup;
			children = (
				FB5D530E21AC6C8A00D276AD /* Base */,
			);
			name = LaunchScreen.storyboard;
			sourceTree = "<group>";
		};
/* End PBXVariantGroup section */

/* Begin XCBuildConfiguration section */
		FB5D531121AC6C8A00D276AD /* Debug */ = {
			isa = XCBuildConfiguration;
			buildSettings = {
				ALWAYS_SEARCH_USER_PATHS = NO;
				CLANG_ANALYZER_NONNULL = YES;
				CLANG_ANALYZER_NUMBER_OBJECT_CONVERSION = YES_AGGRESSIVE;
				CLANG_CXX_LANGUAGE_STANDARD = "gnu++14";
				CLANG_CXX_LIBRARY = "libc++";
				CLANG_ENABLE_MODULES = YES;
				CLANG_ENABLE_OBJC_ARC = YES;
				CLANG_ENABLE_OBJC_WEAK = YES;
				CLANG_WARN_BLOCK_CAPTURE_AUTORELEASING = YES;
				CLANG_WARN_BOOL_CONVERSION = YES;
				CLANG_WARN_COMMA = YES;
				CLANG_WARN_CONSTANT_CONVERSION = YES;
				CLANG_WARN_DEPRECATED_OBJC_IMPLEMENTATIONS = YES;
				CLANG_WARN_DIRECT_OBJC_ISA_USAGE = YES_ERROR;
				CLANG_WARN_DOCUMENTATION_COMMENTS = YES;
				CLANG_WARN_EMPTY_BODY = YES;
				CLANG_WARN_ENUM_CONVERSION = YES;
				CLANG_WARN_INFINITE_RECURSION = YES;
				CLANG_WARN_INT_CONVERSION = YES;
				CLANG_WARN_NON_LITERAL_NULL_CONVERSION = YES;
				CLANG_WARN_OBJC_IMPLICIT_RETAIN_SELF = YES;
				CLANG_WARN_OBJC_LITERAL_CONVERSION = YES;
				CLANG_WARN_OBJC_ROOT_CLASS = YES_ERROR;
				CLANG_WARN_RANGE_LOOP_ANALYSIS = YES;
				CLANG_WARN_STRICT_PROTOTYPES = YES;
				CLANG_WARN_SUSPICIOUS_MOVE = YES;
				CLANG_WARN_UNGUARDED_AVAILABILITY = YES_AGGRESSIVE;
				CLANG_WARN_UNREACHABLE_CODE = YES;
				CLANG_WARN__DUPLICATE_METHOD_MATCH = YES;
				CODE_SIGN_IDENTITY = "iPhone Developer";
				COPY_PHASE_STRIP = NO;
				DEBUG_INFORMATION_FORMAT = dwarf;
				ENABLE_STRICT_OBJC_MSGSEND = YES;
				ENABLE_TESTABILITY = YES;
				GCC_C_LANGUAGE_STANDARD = gnu11;
				GCC_DYNAMIC_NO_PIC = NO;
				GCC_NO_COMMON_BLOCKS = YES;
				GCC_OPTIMIZATION_LEVEL = 0;
				GCC_PREPROCESSOR_DEFINITIONS = (
					"DEBUG=1",
					"$(inherited)",
				);
				GCC_WARN_64_TO_32_BIT_CONVERSION = YES;
				GCC_WARN_ABOUT_RETURN_TYPE = YES_ERROR;
				GCC_WARN_UNDECLARED_SELECTOR = YES;
				GCC_WARN_UNINITIALIZED_AUTOS = YES_AGGRESSIVE;
				GCC_WARN_UNUSED_FUNCTION = YES;
				GCC_WARN_UNUSED_VARIABLE = YES;
				IPHONEOS_DEPLOYMENT_TARGET = 12.1;
				MTL_ENABLE_DEBUG_INFO = INCLUDE_SOURCE;
				MTL_FAST_MATH = YES;
				ONLY_ACTIVE_ARCH = YES;
				SDKROOT = iphoneos;
				SWIFT_ACTIVE_COMPILATION_CONDITIONS = DEBUG;
				SWIFT_OPTIMIZATION_LEVEL = "-Onone";
			};
			name = Debug;
		};
		FB5D531221AC6C8A00D276AD /* Release */ = {
			isa = XCBuildConfiguration;
			buildSettings = {
				ALWAYS_SEARCH_USER_PATHS = NO;
				CLANG_ANALYZER_NONNULL = YES;
				CLANG_ANALYZER_NUMBER_OBJECT_CONVERSION = YES_AGGRESSIVE;
				CLANG_CXX_LANGUAGE_STANDARD = "gnu++14";
				CLANG_CXX_LIBRARY = "libc++";
				CLANG_ENABLE_MODULES = YES;
				CLANG_ENABLE_OBJC_ARC = YES;
				CLANG_ENABLE_OBJC_WEAK = YES;
				CLANG_WARN_BLOCK_CAPTURE_AUTORELEASING = YES;
				CLANG_WARN_BOOL_CONVERSION = YES;
				CLANG_WARN_COMMA = YES;
				CLANG_WARN_CONSTANT_CONVERSION = YES;
				CLANG_WARN_DEPRECATED_OBJC_IMPLEMENTATIONS = YES;
				CLANG_WARN_DIRECT_OBJC_ISA_USAGE = YES_ERROR;
				CLANG_WARN_DOCUMENTATION_COMMENTS = YES;
				CLANG_WARN_EMPTY_BODY = YES;
				CLANG_WARN_ENUM_CONVERSION = YES;
				CLANG_WARN_INFINITE_RECURSION = YES;
				CLANG_WARN_INT_CONVERSION = YES;
				CLANG_WARN_NON_LITERAL_NULL_CONVERSION = YES;
				CLANG_WARN_OBJC_IMPLICIT_RETAIN_SELF = YES;
				CLANG_WARN_OBJC_LITERAL_CONVERSION = YES;
				CLANG_WARN_OBJC_ROOT_CLASS = YES_ERROR;
				CLANG_WARN_RANGE_LOOP_ANALYSIS = YES;
				CLANG_WARN_STRICT_PROTOTYPES = YES;
				CLANG_WARN_SUSPICIOUS_MOVE = YES;
				CLANG_WARN_UNGUARDED_AVAILABILITY = YES_AGGRESSIVE;
				CLANG_WARN_UNREACHABLE_CODE = YES;
				CLANG_WARN__DUPLICATE_METHOD_MATCH = YES;
				CODE_SIGN_IDENTITY = "iPhone Developer";
				COPY_PHASE_STRIP = NO;
				DEBUG_INFORMATION_FORMAT = "dwarf-with-dsym";
				ENABLE_NS_ASSERTIONS = NO;
				ENABLE_STRICT_OBJC_MSGSEND = YES;
				GCC_C_LANGUAGE_STANDARD = gnu11;
				GCC_NO_COMMON_BLOCKS = YES;
				GCC_WARN_64_TO_32_BIT_CONVERSION = YES;
				GCC_WARN_ABOUT_RETURN_TYPE = YES_ERROR;
				GCC_WARN_UNDECLARED_SELECTOR = YES;
				GCC_WARN_UNINITIALIZED_AUTOS = YES_AGGRESSIVE;
				GCC_WARN_UNUSED_FUNCTION = YES;
				GCC_WARN_UNUSED_VARIABLE = YES;
				IPHONEOS_DEPLOYMENT_TARGET = 12.1;
				MTL_ENABLE_DEBUG_INFO = NO;
				MTL_FAST_MATH = YES;
				SDKROOT = iphoneos;
				SWIFT_COMPILATION_MODE = wholemodule;
				SWIFT_OPTIMIZATION_LEVEL = "-O";
				VALIDATE_PRODUCT = YES;
			};
			name = Release;
		};
		FB5D531421AC6C8A00D276AD /* Debug */ = {
			isa = XCBuildConfiguration;
			buildSettings = {
				ASSETCATALOG_COMPILER_APPICON_NAME = AppIcon;
				CODE_SIGN_STYLE = Automatic;
				INFOPLIST_FILE = TaskManagerIOS/Info.plist;
				LD_RUNPATH_SEARCH_PATHS = (
					"$(inherited)",
					"@executable_path/Frameworks",
				);
				PRODUCT_BUNDLE_IDENTIFIER = "Andrew-Beauchamp.TaskManagerIOS";
				PRODUCT_NAME = "$(TARGET_NAME)";
				SWIFT_VERSION = 4.2;
				TARGETED_DEVICE_FAMILY = "1,2";
			};
			name = Debug;
		};
		FB5D531521AC6C8A00D276AD /* Release */ = {
			isa = XCBuildConfiguration;
			buildSettings = {
				ASSETCATALOG_COMPILER_APPICON_NAME = AppIcon;
				CODE_SIGN_STYLE = Automatic;
				INFOPLIST_FILE = TaskManagerIOS/Info.plist;
				LD_RUNPATH_SEARCH_PATHS = (
					"$(inherited)",
					"@executable_path/Frameworks",
				);
				PRODUCT_BUNDLE_IDENTIFIER = "Andrew-Beauchamp.TaskManagerIOS";
				PRODUCT_NAME = "$(TARGET_NAME)";
				SWIFT_VERSION = 4.2;
				TARGETED_DEVICE_FAMILY = "1,2";
			};
			name = Release;
		};
/* End XCBuildConfiguration section */

/* Begin XCConfigurationList section */
		FB5D52FC21AC6C8900D276AD /* Build configuration list for PBXProject "TaskManagerIOS" */ = {
			isa = XCConfigurationList;
			buildConfigurations = (
				FB5D531121AC6C8A00D276AD /* Debug */,
				FB5D531221AC6C8A00D276AD /* Release */,
			);
			defaultConfigurationIsVisible = 0;
			defaultConfigurationName = Release;
		};
		FB5D531321AC6C8A00D276AD /* Build configuration list for PBXNativeTarget "TaskManagerIOS" */ = {
			isa = XCConfigurationList;
			buildConfigurations = (
				FB5D531421AC6C8A00D276AD /* Debug */,
				FB5D531521AC6C8A00D276AD /* Release */,
			);
			defaultConfigurationIsVisible = 0;
			defaultConfigurationName = Release;
		};
/* End XCConfigurationList section */
	};
	rootObject = FB5D52F921AC6C8900D276AD /* Project object */;
}
